
Microsoft Visual Studio Solution File, Format Version 12.00
# Visual Studio Version 16
VisualStudioVersion = 16.0.34031.81
MinimumVisualStudioVersion = 10.0.40219.1
Project("{FAE04EC0-301F-11D3-BF4B-00C04F79EFBC}") = "vladik_kurs", "vladik_kurs.csproj", "{0E0BFB36-620E-47D4-94D2-3539DBB2CD09}"
EndProject
Global
	GlobalSection(SolutionConfigurationPlatforms) = preSolution
		Debug|Any CPU = Debug|Any CPU
		Release|Any CPU = Release|Any CPU
	EndGlobalSection
	GlobalSection(ProjectConfigurationPlatforms) = postSolution
		{0E0BFB36-620E-47D4-94D2-3539DBB2CD09}.Debug|Any CPU.ActiveCfg = Debug|Any CPU
		{0E0BFB36-620E-47D4-94D2-3539DBB2CD09}.Debug|Any CPU.Build.0 = Debug|Any CPU
		{0E0BFB36-620E-47D4-94D2-3539DBB2CD09}.Release|Any CPU.ActiveCfg = Release|Any CPU
		{0E0BFB36-620E-47D4-94D2-3539DBB2CD09}.Release|Any CPU.Build.0 = Release|Any CPU
	EndGlobalSection
	GlobalSection(SolutionProperties) = preSolution
		HideSolutionNode = FALSE
	EndGlobalSection
	GlobalSection(ExtensibilityGlobals) = postSolution
		SolutionGuid = {2A3B5E7C-BC4E-473D-BEBD-74A155934289}
	EndGlobalSection
EndGlobal
